
Microsoft Visual Studio Solution File, Format Version 12.00
# Visual Studio Version 17
VisualStudioVersion = 17.0.31903.59
MinimumVisualStudioVersion = 10.0.40219.1
Project("{FAE04EC0-301F-11D3-BF4B-00C04F79EFBC}") = "BrowserBookmarkManager", "src\BrowserBookmarkManager\BrowserBookmarkManager.csproj", "{7FBEFFEB-5751-4F1F-81C7-0EE84A1FD856}"
EndProject
Project("{FAE04EC0-301F-11D3-BF4B-00C04F79EFBC}") = "Yorot.AvaloniaRenderer", "src\Yorot.AvaloniaRenderer\Yorot.AvaloniaRenderer.csproj", "{8E97C094-23EF-4A73-BAEB-7F13038B6B42}"
EndProject
Project("{FAE04EC0-301F-11D3-BF4B-00C04F79EFBC}") = "Yorot.Desktop", "src\Yorot.Desktop\Yorot.Desktop.csproj", "{D0AF8ECA-F432-4078-919F-DB8DC76277DD}"
EndProject
Project("{FAE04EC0-301F-11D3-BF4B-00C04F79EFBC}") = "Yorot.PseudoBrowser", "src\Yorot.PseudoBrowser\Yorot.PseudoBrowser.csproj", "{5C8482B5-C7D1-4D50-814B-B71FF8D62043}"
EndProject
Project("{FAE04EC0-301F-11D3-BF4B-00C04F79EFBC}") = "Yorot.Standard", "src\Yorot.Standard\Yorot.Standard.csproj", "{BC306B1C-15FF-44B6-8784-26196666D11A}"
EndProject
Project("{2150E333-8FDC-42A3-9474-1A3956D46DE8}") = "YorotApps", "YorotApps", "{FDD3E3FB-B468-4CAB-8AF5-ECFC50EBB7B7}"
EndProject
Project("{FAE04EC0-301F-11D3-BF4B-00C04F79EFBC}") = "Yorot.Calculator", "src\YorotApps\src\Yorot.Calculator\Yorot.Calculator.csproj", "{FAB9095C-CC50-4C9E-9D00-18B54D23DEBA}"
EndProject
Project("{FAE04EC0-301F-11D3-BF4B-00C04F79EFBC}") = "Yorot.Downloader", "src\YorotApps\src\Yorot.Downloader\Yorot.Downloader.csproj", "{47CFF259-E81F-4EC7-88F4-23A61D2CF6D5}"
EndProject
Project("{FAE04EC0-301F-11D3-BF4B-00C04F79EFBC}") = "Yorot.Files", "src\YorotApps\src\Yorot.Files\Yorot.Files.csproj", "{7AD78801-D39A-453E-9691-E8C2BC9BFBBB}"
EndProject
Project("{FAE04EC0-301F-11D3-BF4B-00C04F79EFBC}") = "Yorot.Gallery", "src\YorotApps\src\Yorot.Gallery\Yorot.Gallery.csproj", "{3789B7DE-2081-412B-9EEC-38BB020D33B8}"
EndProject
Project("{FAE04EC0-301F-11D3-BF4B-00C04F79EFBC}") = "Yorot.Notes", "src\YorotApps\src\Yorot.Notes\Yorot.Notes.csproj", "{70C5A3C8-777B-4B70-9F19-E6E982D5F90A}"
EndProject
Project("{FAE04EC0-301F-11D3-BF4B-00C04F79EFBC}") = "Yorot.Settings", "src\YorotApps\src\Yorot.Settings\Yorot.Settings.csproj", "{9641D83E-976A-49D1-9B49-500418CB3967}"
EndProject
Project("{FAE04EC0-301F-11D3-BF4B-00C04F79EFBC}") = "Yorot.Store", "src\YorotApps\src\Yorot.Store\Yorot.Store.csproj", "{E0215E15-3593-4071-ABF8-74A25AFFE544}"
EndProject
Project("{FAE04EC0-301F-11D3-BF4B-00C04F79EFBC}") = "Yorot.Terminal", "src\YorotApps\src\Yorot.Terminal\Yorot.Terminal.csproj", "{B541F257-6274-4C45-AF96-039054A891B2}"
EndProject
Project("{FAE04EC0-301F-11D3-BF4B-00C04F79EFBC}") = "Yorot.Installer", "src\Yorot.Installer\Yorot.Installer.csproj", "{6DE9BA26-65C8-4528-B217-B70996198F19}"
EndProject
Global
	GlobalSection(SolutionConfigurationPlatforms) = preSolution
		Debug|Any CPU = Debug|Any CPU
		Release|Any CPU = Release|Any CPU
	EndGlobalSection
	GlobalSection(SolutionProperties) = preSolution
		HideSolutionNode = FALSE
	EndGlobalSection
	GlobalSection(ProjectConfigurationPlatforms) = postSolution
		{7FBEFFEB-5751-4F1F-81C7-0EE84A1FD856}.Debug|Any CPU.ActiveCfg = Debug|Any CPU
		{7FBEFFEB-5751-4F1F-81C7-0EE84A1FD856}.Debug|Any CPU.Build.0 = Debug|Any CPU
		{7FBEFFEB-5751-4F1F-81C7-0EE84A1FD856}.Release|Any CPU.ActiveCfg = Release|Any CPU
		{7FBEFFEB-5751-4F1F-81C7-0EE84A1FD856}.Release|Any CPU.Build.0 = Release|Any CPU
		{8E97C094-23EF-4A73-BAEB-7F13038B6B42}.Debug|Any CPU.ActiveCfg = Debug|Any CPU
		{8E97C094-23EF-4A73-BAEB-7F13038B6B42}.Debug|Any CPU.Build.0 = Debug|Any CPU
		{8E97C094-23EF-4A73-BAEB-7F13038B6B42}.Release|Any CPU.ActiveCfg = Release|Any CPU
		{8E97C094-23EF-4A73-BAEB-7F13038B6B42}.Release|Any CPU.Build.0 = Release|Any CPU
		{D0AF8ECA-F432-4078-919F-DB8DC76277DD}.Debug|Any CPU.ActiveCfg = Debug|Any CPU
		{D0AF8ECA-F432-4078-919F-DB8DC76277DD}.Debug|Any CPU.Build.0 = Debug|Any CPU
		{D0AF8ECA-F432-4078-919F-DB8DC76277DD}.Release|Any CPU.ActiveCfg = Release|Any CPU
		{D0AF8ECA-F432-4078-919F-DB8DC76277DD}.Release|Any CPU.Build.0 = Release|Any CPU
		{5C8482B5-C7D1-4D50-814B-B71FF8D62043}.Debug|Any CPU.ActiveCfg = Debug|Any CPU
		{5C8482B5-C7D1-4D50-814B-B71FF8D62043}.Debug|Any CPU.Build.0 = Debug|Any CPU
		{5C8482B5-C7D1-4D50-814B-B71FF8D62043}.Release|Any CPU.ActiveCfg = Release|Any CPU
		{5C8482B5-C7D1-4D50-814B-B71FF8D62043}.Release|Any CPU.Build.0 = Release|Any CPU
		{BC306B1C-15FF-44B6-8784-26196666D11A}.Debug|Any CPU.ActiveCfg = Debug|Any CPU
		{BC306B1C-15FF-44B6-8784-26196666D11A}.Debug|Any CPU.Build.0 = Debug|Any CPU
		{BC306B1C-15FF-44B6-8784-26196666D11A}.Release|Any CPU.ActiveCfg = Release|Any CPU
		{BC306B1C-15FF-44B6-8784-26196666D11A}.Release|Any CPU.Build.0 = Release|Any CPU
		{FAB9095C-CC50-4C9E-9D00-18B54D23DEBA}.Debug|Any CPU.ActiveCfg = Debug|Any CPU
		{FAB9095C-CC50-4C9E-9D00-18B54D23DEBA}.Debug|Any CPU.Build.0 = Debug|Any CPU
		{FAB9095C-CC50-4C9E-9D00-18B54D23DEBA}.Release|Any CPU.ActiveCfg = Release|Any CPU
		{FAB9095C-CC50-4C9E-9D00-18B54D23DEBA}.Release|Any CPU.Build.0 = Release|Any CPU
		{47CFF259-E81F-4EC7-88F4-23A61D2CF6D5}.Debug|Any CPU.ActiveCfg = Debug|Any CPU
		{47CFF259-E81F-4EC7-88F4-23A61D2CF6D5}.Debug|Any CPU.Build.0 = Debug|Any CPU
		{47CFF259-E81F-4EC7-88F4-23A61D2CF6D5}.Release|Any CPU.ActiveCfg = Release|Any CPU
		{47CFF259-E81F-4EC7-88F4-23A61D2CF6D5}.Release|Any CPU.Build.0 = Release|Any CPU
		{7AD78801-D39A-453E-9691-E8C2BC9BFBBB}.Debug|Any CPU.ActiveCfg = Debug|Any CPU
		{7AD78801-D39A-453E-9691-E8C2BC9BFBBB}.Debug|Any CPU.Build.0 = Debug|Any CPU
		{7AD78801-D39A-453E-9691-E8C2BC9BFBBB}.Release|Any CPU.ActiveCfg = Release|Any CPU
		{7AD78801-D39A-453E-9691-E8C2BC9BFBBB}.Release|Any CPU.Build.0 = Release|Any CPU
		{3789B7DE-2081-412B-9EEC-38BB020D33B8}.Debug|Any CPU.ActiveCfg = Debug|Any CPU
		{3789B7DE-2081-412B-9EEC-38BB020D33B8}.Debug|Any CPU.Build.0 = Debug|Any CPU
		{3789B7DE-2081-412B-9EEC-38BB020D33B8}.Release|Any CPU.ActiveCfg = Release|Any CPU
		{3789B7DE-2081-412B-9EEC-38BB020D33B8}.Release|Any CPU.Build.0 = Release|Any CPU
		{70C5A3C8-777B-4B70-9F19-E6E982D5F90A}.Debug|Any CPU.ActiveCfg = Debug|Any CPU
		{70C5A3C8-777B-4B70-9F19-E6E982D5F90A}.Debug|Any CPU.Build.0 = Debug|Any CPU
		{70C5A3C8-777B-4B70-9F19-E6E982D5F90A}.Release|Any CPU.ActiveCfg = Release|Any CPU
		{70C5A3C8-777B-4B70-9F19-E6E982D5F90A}.Release|Any CPU.Build.0 = Release|Any CPU
		{9641D83E-976A-49D1-9B49-500418CB3967}.Debug|Any CPU.ActiveCfg = Debug|Any CPU
		{9641D83E-976A-49D1-9B49-500418CB3967}.Debug|Any CPU.Build.0 = Debug|Any CPU
		{9641D83E-976A-49D1-9B49-500418CB3967}.Release|Any CPU.ActiveCfg = Release|Any CPU
		{9641D83E-976A-49D1-9B49-500418CB3967}.Release|Any CPU.Build.0 = Release|Any CPU
		{E0215E15-3593-4071-ABF8-74A25AFFE544}.Debug|Any CPU.ActiveCfg = Debug|Any CPU
		{E0215E15-3593-4071-ABF8-74A25AFFE544}.Debug|Any CPU.Build.0 = Debug|Any CPU
		{E0215E15-3593-4071-ABF8-74A25AFFE544}.Release|Any CPU.ActiveCfg = Release|Any CPU
		{E0215E15-3593-4071-ABF8-74A25AFFE544}.Release|Any CPU.Build.0 = Release|Any CPU
		{B541F257-6274-4C45-AF96-039054A891B2}.Debug|Any CPU.ActiveCfg = Debug|Any CPU
		{B541F257-6274-4C45-AF96-039054A891B2}.Debug|Any CPU.Build.0 = Debug|Any CPU
		{B541F257-6274-4C45-AF96-039054A891B2}.Release|Any CPU.ActiveCfg = Release|Any CPU
		{B541F257-6274-4C45-AF96-039054A891B2}.Release|Any CPU.Build.0 = Release|Any CPU
		{6DE9BA26-65C8-4528-B217-B70996198F19}.Debug|Any CPU.ActiveCfg = Debug|Any CPU
		{6DE9BA26-65C8-4528-B217-B70996198F19}.Debug|Any CPU.Build.0 = Debug|Any CPU
		{6DE9BA26-65C8-4528-B217-B70996198F19}.Release|Any CPU.ActiveCfg = Release|Any CPU
		{6DE9BA26-65C8-4528-B217-B70996198F19}.Release|Any CPU.Build.0 = Release|Any CPU
	EndGlobalSection
	GlobalSection(NestedProjects) = preSolution
		{FAB9095C-CC50-4C9E-9D00-18B54D23DEBA} = {FDD3E3FB-B468-4CAB-8AF5-ECFC50EBB7B7}
		{47CFF259-E81F-4EC7-88F4-23A61D2CF6D5} = {FDD3E3FB-B468-4CAB-8AF5-ECFC50EBB7B7}
		{7AD78801-D39A-453E-9691-E8C2BC9BFBBB} = {FDD3E3FB-B468-4CAB-8AF5-ECFC50EBB7B7}
		{3789B7DE-2081-412B-9EEC-38BB020D33B8} = {FDD3E3FB-B468-4CAB-8AF5-ECFC50EBB7B7}
		{70C5A3C8-777B-4B70-9F19-E6E982D5F90A} = {FDD3E3FB-B468-4CAB-8AF5-ECFC50EBB7B7}
		{9641D83E-976A-49D1-9B49-500418CB3967} = {FDD3E3FB-B468-4CAB-8AF5-ECFC50EBB7B7}
		{E0215E15-3593-4071-ABF8-74A25AFFE544} = {FDD3E3FB-B468-4CAB-8AF5-ECFC50EBB7B7}
		{B541F257-6274-4C45-AF96-039054A891B2} = {FDD3E3FB-B468-4CAB-8AF5-ECFC50EBB7B7}
	EndGlobalSection
EndGlobal
