Microsoft Visual Studio Solution File, Format Version 12.00
# Visual Studio Version 17
VisualStudioVersion = 17.0.31825.309
MinimumVisualStudioVersion = 10.0.40219.1
Project("{2150E333-8FDC-42A3-9474-1A3956D46DE8}") = "Solution Items", "Solution Items", "{CA044C17-6907-463B-9193-DE500F16CEFD}"
	ProjectSection(SolutionItems) = preProject
		.editorconfig = .editorconfig
		.gitignore = .gitignore
		appveyor.yml = appveyor.yml
		CODE_OF_CONDUCT.md = CODE_OF_CONDUCT.md
		LICENSE = LICENSE
		README.md = README.md
		ROADMAP.md = ROADMAP.md
		SECURITY.md = SECURITY.md
		Yorot.foster = Yorot.foster
	EndProjectSection
EndProject
Project("{2150E333-8FDC-42A3-9474-1A3956D46DE8}") = ".github", ".github", "{C9D4ED81-16F1-499E-8117-DBFE7AE2F009}"
EndProject
Project("{2150E333-8FDC-42A3-9474-1A3956D46DE8}") = "ISSUE_TEMPLATE", "ISSUE_TEMPLATE", "{02C4F649-0587-4D07-A48C-EFC7C4D594EE}"
	ProjectSection(SolutionItems) = preProject
		..\Desktop\bug_report.md = ..\Desktop\bug_report.md
		..\Desktop\feature_request.md = ..\Desktop\feature_request.md
		..\Desktop\help.md = ..\Desktop\help.md
	EndProjectSection
EndProject
Project("{9A19103F-16F7-4668-BE54-9A1E7A4F7556}") = "Yorot.Standart", "src\Yorot.Standart\Yorot.Standart.csproj", "{EB0007E0-4E58-431F-91F8-E20C991CDAE4}"
EndProject
Project("{9A19103F-16F7-4668-BE54-9A1E7A4F7556}") = "Yorot-Avalonia", "src\Yorot.Avalonia\Yorot-Avalonia.csproj", "{3DEA6D37-7673-4E29-B21A-D5AFC50702AB}"
EndProject
Project("{2150E333-8FDC-42A3-9474-1A3956D46DE8}") = "YorotApps", "YorotApps", "{C6BF1A09-42A8-4C9B-8F71-DE8B66FF4E44}"
EndProject
Project("{9A19103F-16F7-4668-BE54-9A1E7A4F7556}") = "YCalc", "src\YorotApps\src\YCalc\YCalc.csproj", "{0E6E705C-34F2-4A0E-903E-9064DFE9BA77}"
EndProject
Project("{9A19103F-16F7-4668-BE54-9A1E7A4F7556}") = "YCalendar", "src\YorotApps\src\YCalendar\YCalendar.csproj", "{534CC90B-7E60-4197-9A7A-C49DA27FE255}"
EndProject
Project("{9A19103F-16F7-4668-BE54-9A1E7A4F7556}") = "YControlPanel", "src\YorotApps\src\YControlPanel\YControlPanel.csproj", "{4CC728B8-8B9C-4B18-BF61-B75E70BB1D6B}"
EndProject
Project("{9A19103F-16F7-4668-BE54-9A1E7A4F7556}") = "YFileMan", "src\YorotApps\src\YFileMan\YFileMan.csproj", "{C1FF1E21-0542-4164-A156-3D53DEB2817D}"
EndProject
Project("{9A19103F-16F7-4668-BE54-9A1E7A4F7556}") = "YNotes", "src\YorotApps\src\YNotes\YNotes.csproj", "{50FB8474-9EC4-48CD-AFE4-5AC62DE74943}"
EndProject
Project("{9A19103F-16F7-4668-BE54-9A1E7A4F7556}") = "YStore", "src\YorotApps\src\YStore\YStore.csproj", "{CAE39E1B-4EFD-4E03-81D9-29E764BB6BB1}"
EndProject
Project("{9A19103F-16F7-4668-BE54-9A1E7A4F7556}") = "YTerm", "src\YorotApps\src\YTerm\YTerm.csproj", "{279CD6DA-37FD-46AA-8640-6E9B6C97FF77}"
EndProject
Project("{9A19103F-16F7-4668-BE54-9A1E7A4F7556}") = "YorotAppDesigner", "src\YorotAppDesigner\YorotAppDesigner.csproj", "{358E44BF-F51F-4794-8D61-68A7FF23BF16}"
EndProject
Project("{FAE04EC0-301F-11D3-BF4B-00C04F79EFBC}") = "TabTest", "src\TabTest\TabTest.csproj", "{6FECE032-03CB-42FA-980D-D07A68057683}"
EndProject
Global
	GlobalSection(SolutionConfigurationPlatforms) = preSolution
		Debug|Any CPU = Debug|Any CPU
		Debug|iPhone = Debug|iPhone
		Debug|iPhoneSimulator = Debug|iPhoneSimulator
		Debug|Mixed Platforms = Debug|Mixed Platforms
		Debug|x64 = Debug|x64
		Debug|x86 = Debug|x86
		Release|Any CPU = Release|Any CPU
		Release|iPhone = Release|iPhone
		Release|iPhoneSimulator = Release|iPhoneSimulator
		Release|Mixed Platforms = Release|Mixed Platforms
		Release|x64 = Release|x64
		Release|x86 = Release|x86
	EndGlobalSection
	GlobalSection(ProjectConfigurationPlatforms) = postSolution
		{EB0007E0-4E58-431F-91F8-E20C991CDAE4}.Debug|Any CPU.ActiveCfg = Debug|Any CPU
		{EB0007E0-4E58-431F-91F8-E20C991CDAE4}.Debug|Any CPU.Build.0 = Debug|Any CPU
		{EB0007E0-4E58-431F-91F8-E20C991CDAE4}.Debug|iPhone.ActiveCfg = Debug|Any CPU
		{EB0007E0-4E58-431F-91F8-E20C991CDAE4}.Debug|iPhone.Build.0 = Debug|Any CPU
		{EB0007E0-4E58-431F-91F8-E20C991CDAE4}.Debug|iPhoneSimulator.ActiveCfg = Debug|Any CPU
		{EB0007E0-4E58-431F-91F8-E20C991CDAE4}.Debug|iPhoneSimulator.Build.0 = Debug|Any CPU
		{EB0007E0-4E58-431F-91F8-E20C991CDAE4}.Debug|Mixed Platforms.ActiveCfg = Debug|Any CPU
		{EB0007E0-4E58-431F-91F8-E20C991CDAE4}.Debug|Mixed Platforms.Build.0 = Debug|Any CPU
		{EB0007E0-4E58-431F-91F8-E20C991CDAE4}.Debug|x64.ActiveCfg = Debug|Any CPU
		{EB0007E0-4E58-431F-91F8-E20C991CDAE4}.Debug|x64.Build.0 = Debug|Any CPU
		{EB0007E0-4E58-431F-91F8-E20C991CDAE4}.Debug|x86.ActiveCfg = Debug|Any CPU
		{EB0007E0-4E58-431F-91F8-E20C991CDAE4}.Debug|x86.Build.0 = Debug|Any CPU
		{EB0007E0-4E58-431F-91F8-E20C991CDAE4}.Release|Any CPU.ActiveCfg = Release|Any CPU
		{EB0007E0-4E58-431F-91F8-E20C991CDAE4}.Release|Any CPU.Build.0 = Release|Any CPU
		{EB0007E0-4E58-431F-91F8-E20C991CDAE4}.Release|iPhone.ActiveCfg = Release|Any CPU
		{EB0007E0-4E58-431F-91F8-E20C991CDAE4}.Release|iPhone.Build.0 = Release|Any CPU
		{EB0007E0-4E58-431F-91F8-E20C991CDAE4}.Release|iPhoneSimulator.ActiveCfg = Release|Any CPU
		{EB0007E0-4E58-431F-91F8-E20C991CDAE4}.Release|iPhoneSimulator.Build.0 = Release|Any CPU
		{EB0007E0-4E58-431F-91F8-E20C991CDAE4}.Release|Mixed Platforms.ActiveCfg = Release|Any CPU
		{EB0007E0-4E58-431F-91F8-E20C991CDAE4}.Release|Mixed Platforms.Build.0 = Release|Any CPU
		{EB0007E0-4E58-431F-91F8-E20C991CDAE4}.Release|x64.ActiveCfg = Release|Any CPU
		{EB0007E0-4E58-431F-91F8-E20C991CDAE4}.Release|x64.Build.0 = Release|Any CPU
		{EB0007E0-4E58-431F-91F8-E20C991CDAE4}.Release|x86.ActiveCfg = Release|Any CPU
		{EB0007E0-4E58-431F-91F8-E20C991CDAE4}.Release|x86.Build.0 = Release|Any CPU
		{3DEA6D37-7673-4E29-B21A-D5AFC50702AB}.Debug|Any CPU.ActiveCfg = Debug|Any CPU
		{3DEA6D37-7673-4E29-B21A-D5AFC50702AB}.Debug|Any CPU.Build.0 = Debug|Any CPU
		{3DEA6D37-7673-4E29-B21A-D5AFC50702AB}.Debug|iPhone.ActiveCfg = Debug|Any CPU
		{3DEA6D37-7673-4E29-B21A-D5AFC50702AB}.Debug|iPhone.Build.0 = Debug|Any CPU
		{3DEA6D37-7673-4E29-B21A-D5AFC50702AB}.Debug|iPhoneSimulator.ActiveCfg = Debug|Any CPU
		{3DEA6D37-7673-4E29-B21A-D5AFC50702AB}.Debug|iPhoneSimulator.Build.0 = Debug|Any CPU
		{3DEA6D37-7673-4E29-B21A-D5AFC50702AB}.Debug|Mixed Platforms.ActiveCfg = Debug|Any CPU
		{3DEA6D37-7673-4E29-B21A-D5AFC50702AB}.Debug|Mixed Platforms.Build.0 = Debug|Any CPU
		{3DEA6D37-7673-4E29-B21A-D5AFC50702AB}.Debug|x64.ActiveCfg = Debug|Any CPU
		{3DEA6D37-7673-4E29-B21A-D5AFC50702AB}.Debug|x64.Build.0 = Debug|Any CPU
		{3DEA6D37-7673-4E29-B21A-D5AFC50702AB}.Debug|x86.ActiveCfg = Debug|Any CPU
		{3DEA6D37-7673-4E29-B21A-D5AFC50702AB}.Debug|x86.Build.0 = Debug|Any CPU
		{3DEA6D37-7673-4E29-B21A-D5AFC50702AB}.Release|Any CPU.ActiveCfg = Release|Any CPU
		{3DEA6D37-7673-4E29-B21A-D5AFC50702AB}.Release|Any CPU.Build.0 = Release|Any CPU
		{3DEA6D37-7673-4E29-B21A-D5AFC50702AB}.Release|iPhone.ActiveCfg = Release|Any CPU
		{3DEA6D37-7673-4E29-B21A-D5AFC50702AB}.Release|iPhone.Build.0 = Release|Any CPU
		{3DEA6D37-7673-4E29-B21A-D5AFC50702AB}.Release|iPhoneSimulator.ActiveCfg = Release|Any CPU
		{3DEA6D37-7673-4E29-B21A-D5AFC50702AB}.Release|iPhoneSimulator.Build.0 = Release|Any CPU
		{3DEA6D37-7673-4E29-B21A-D5AFC50702AB}.Release|Mixed Platforms.ActiveCfg = Release|Any CPU
		{3DEA6D37-7673-4E29-B21A-D5AFC50702AB}.Release|Mixed Platforms.Build.0 = Release|Any CPU
		{3DEA6D37-7673-4E29-B21A-D5AFC50702AB}.Release|x64.ActiveCfg = Release|Any CPU
		{3DEA6D37-7673-4E29-B21A-D5AFC50702AB}.Release|x64.Build.0 = Release|Any CPU
		{3DEA6D37-7673-4E29-B21A-D5AFC50702AB}.Release|x86.ActiveCfg = Release|Any CPU
		{3DEA6D37-7673-4E29-B21A-D5AFC50702AB}.Release|x86.Build.0 = Release|Any CPU
		{0E6E705C-34F2-4A0E-903E-9064DFE9BA77}.Debug|Any CPU.ActiveCfg = Debug|Any CPU
		{0E6E705C-34F2-4A0E-903E-9064DFE9BA77}.Debug|Any CPU.Build.0 = Debug|Any CPU
		{0E6E705C-34F2-4A0E-903E-9064DFE9BA77}.Debug|iPhone.ActiveCfg = Debug|Any CPU
		{0E6E705C-34F2-4A0E-903E-9064DFE9BA77}.Debug|iPhone.Build.0 = Debug|Any CPU
		{0E6E705C-34F2-4A0E-903E-9064DFE9BA77}.Debug|iPhoneSimulator.ActiveCfg = Debug|Any CPU
		{0E6E705C-34F2-4A0E-903E-9064DFE9BA77}.Debug|iPhoneSimulator.Build.0 = Debug|Any CPU
		{0E6E705C-34F2-4A0E-903E-9064DFE9BA77}.Debug|Mixed Platforms.ActiveCfg = Debug|Any CPU
		{0E6E705C-34F2-4A0E-903E-9064DFE9BA77}.Debug|Mixed Platforms.Build.0 = Debug|Any CPU
		{0E6E705C-34F2-4A0E-903E-9064DFE9BA77}.Debug|x64.ActiveCfg = Debug|Any CPU
		{0E6E705C-34F2-4A0E-903E-9064DFE9BA77}.Debug|x64.Build.0 = Debug|Any CPU
		{0E6E705C-34F2-4A0E-903E-9064DFE9BA77}.Debug|x86.ActiveCfg = Debug|Any CPU
		{0E6E705C-34F2-4A0E-903E-9064DFE9BA77}.Debug|x86.Build.0 = Debug|Any CPU
		{0E6E705C-34F2-4A0E-903E-9064DFE9BA77}.Release|Any CPU.ActiveCfg = Release|Any CPU
		{0E6E705C-34F2-4A0E-903E-9064DFE9BA77}.Release|Any CPU.Build.0 = Release|Any CPU
		{0E6E705C-34F2-4A0E-903E-9064DFE9BA77}.Release|iPhone.ActiveCfg = Release|Any CPU
		{0E6E705C-34F2-4A0E-903E-9064DFE9BA77}.Release|iPhone.Build.0 = Release|Any CPU
		{0E6E705C-34F2-4A0E-903E-9064DFE9BA77}.Release|iPhoneSimulator.ActiveCfg = Release|Any CPU
		{0E6E705C-34F2-4A0E-903E-9064DFE9BA77}.Release|iPhoneSimulator.Build.0 = Release|Any CPU
		{0E6E705C-34F2-4A0E-903E-9064DFE9BA77}.Release|Mixed Platforms.ActiveCfg = Release|Any CPU
		{0E6E705C-34F2-4A0E-903E-9064DFE9BA77}.Release|Mixed Platforms.Build.0 = Release|Any CPU
		{0E6E705C-34F2-4A0E-903E-9064DFE9BA77}.Release|x64.ActiveCfg = Release|Any CPU
		{0E6E705C-34F2-4A0E-903E-9064DFE9BA77}.Release|x64.Build.0 = Release|Any CPU
		{0E6E705C-34F2-4A0E-903E-9064DFE9BA77}.Release|x86.ActiveCfg = Release|Any CPU
		{0E6E705C-34F2-4A0E-903E-9064DFE9BA77}.Release|x86.Build.0 = Release|Any CPU
		{534CC90B-7E60-4197-9A7A-C49DA27FE255}.Debug|Any CPU.ActiveCfg = Debug|Any CPU
		{534CC90B-7E60-4197-9A7A-C49DA27FE255}.Debug|Any CPU.Build.0 = Debug|Any CPU
		{534CC90B-7E60-4197-9A7A-C49DA27FE255}.Debug|iPhone.ActiveCfg = Debug|Any CPU
		{534CC90B-7E60-4197-9A7A-C49DA27FE255}.Debug|iPhone.Build.0 = Debug|Any CPU
		{534CC90B-7E60-4197-9A7A-C49DA27FE255}.Debug|iPhoneSimulator.ActiveCfg = Debug|Any CPU
		{534CC90B-7E60-4197-9A7A-C49DA27FE255}.Debug|iPhoneSimulator.Build.0 = Debug|Any CPU
		{534CC90B-7E60-4197-9A7A-C49DA27FE255}.Debug|Mixed Platforms.ActiveCfg = Debug|Any CPU
		{534CC90B-7E60-4197-9A7A-C49DA27FE255}.Debug|Mixed Platforms.Build.0 = Debug|Any CPU
		{534CC90B-7E60-4197-9A7A-C49DA27FE255}.Debug|x64.ActiveCfg = Debug|Any CPU
		{534CC90B-7E60-4197-9A7A-C49DA27FE255}.Debug|x64.Build.0 = Debug|Any CPU
		{534CC90B-7E60-4197-9A7A-C49DA27FE255}.Debug|x86.ActiveCfg = Debug|Any CPU
		{534CC90B-7E60-4197-9A7A-C49DA27FE255}.Debug|x86.Build.0 = Debug|Any CPU
		{534CC90B-7E60-4197-9A7A-C49DA27FE255}.Release|Any CPU.ActiveCfg = Release|Any CPU
		{534CC90B-7E60-4197-9A7A-C49DA27FE255}.Release|Any CPU.Build.0 = Release|Any CPU
		{534CC90B-7E60-4197-9A7A-C49DA27FE255}.Release|iPhone.ActiveCfg = Release|Any CPU
		{534CC90B-7E60-4197-9A7A-C49DA27FE255}.Release|iPhone.Build.0 = Release|Any CPU
		{534CC90B-7E60-4197-9A7A-C49DA27FE255}.Release|iPhoneSimulator.ActiveCfg = Release|Any CPU
		{534CC90B-7E60-4197-9A7A-C49DA27FE255}.Release|iPhoneSimulator.Build.0 = Release|Any CPU
		{534CC90B-7E60-4197-9A7A-C49DA27FE255}.Release|Mixed Platforms.ActiveCfg = Release|Any CPU
		{534CC90B-7E60-4197-9A7A-C49DA27FE255}.Release|Mixed Platforms.Build.0 = Release|Any CPU
		{534CC90B-7E60-4197-9A7A-C49DA27FE255}.Release|x64.ActiveCfg = Release|Any CPU
		{534CC90B-7E60-4197-9A7A-C49DA27FE255}.Release|x64.Build.0 = Release|Any CPU
		{534CC90B-7E60-4197-9A7A-C49DA27FE255}.Release|x86.ActiveCfg = Release|Any CPU
		{534CC90B-7E60-4197-9A7A-C49DA27FE255}.Release|x86.Build.0 = Release|Any CPU
		{4CC728B8-8B9C-4B18-BF61-B75E70BB1D6B}.Debug|Any CPU.ActiveCfg = Debug|Any CPU
		{4CC728B8-8B9C-4B18-BF61-B75E70BB1D6B}.Debug|Any CPU.Build.0 = Debug|Any CPU
		{4CC728B8-8B9C-4B18-BF61-B75E70BB1D6B}.Debug|iPhone.ActiveCfg = Debug|Any CPU
		{4CC728B8-8B9C-4B18-BF61-B75E70BB1D6B}.Debug|iPhone.Build.0 = Debug|Any CPU
		{4CC728B8-8B9C-4B18-BF61-B75E70BB1D6B}.Debug|iPhoneSimulator.ActiveCfg = Debug|Any CPU
		{4CC728B8-8B9C-4B18-BF61-B75E70BB1D6B}.Debug|iPhoneSimulator.Build.0 = Debug|Any CPU
		{4CC728B8-8B9C-4B18-BF61-B75E70BB1D6B}.Debug|Mixed Platforms.ActiveCfg = Debug|Any CPU
		{4CC728B8-8B9C-4B18-BF61-B75E70BB1D6B}.Debug|Mixed Platforms.Build.0 = Debug|Any CPU
		{4CC728B8-8B9C-4B18-BF61-B75E70BB1D6B}.Debug|x64.ActiveCfg = Debug|Any CPU
		{4CC728B8-8B9C-4B18-BF61-B75E70BB1D6B}.Debug|x64.Build.0 = Debug|Any CPU
		{4CC728B8-8B9C-4B18-BF61-B75E70BB1D6B}.Debug|x86.ActiveCfg = Debug|Any CPU
		{4CC728B8-8B9C-4B18-BF61-B75E70BB1D6B}.Debug|x86.Build.0 = Debug|Any CPU
		{4CC728B8-8B9C-4B18-BF61-B75E70BB1D6B}.Release|Any CPU.ActiveCfg = Release|Any CPU
		{4CC728B8-8B9C-4B18-BF61-B75E70BB1D6B}.Release|Any CPU.Build.0 = Release|Any CPU
		{4CC728B8-8B9C-4B18-BF61-B75E70BB1D6B}.Release|iPhone.ActiveCfg = Release|Any CPU
		{4CC728B8-8B9C-4B18-BF61-B75E70BB1D6B}.Release|iPhone.Build.0 = Release|Any CPU
		{4CC728B8-8B9C-4B18-BF61-B75E70BB1D6B}.Release|iPhoneSimulator.ActiveCfg = Release|Any CPU
		{4CC728B8-8B9C-4B18-BF61-B75E70BB1D6B}.Release|iPhoneSimulator.Build.0 = Release|Any CPU
		{4CC728B8-8B9C-4B18-BF61-B75E70BB1D6B}.Release|Mixed Platforms.ActiveCfg = Release|Any CPU
		{4CC728B8-8B9C-4B18-BF61-B75E70BB1D6B}.Release|Mixed Platforms.Build.0 = Release|Any CPU
		{4CC728B8-8B9C-4B18-BF61-B75E70BB1D6B}.Release|x64.ActiveCfg = Release|Any CPU
		{4CC728B8-8B9C-4B18-BF61-B75E70BB1D6B}.Release|x64.Build.0 = Release|Any CPU
		{4CC728B8-8B9C-4B18-BF61-B75E70BB1D6B}.Release|x86.ActiveCfg = Release|Any CPU
		{4CC728B8-8B9C-4B18-BF61-B75E70BB1D6B}.Release|x86.Build.0 = Release|Any CPU
		{C1FF1E21-0542-4164-A156-3D53DEB2817D}.Debug|Any CPU.ActiveCfg = Debug|Any CPU
		{C1FF1E21-0542-4164-A156-3D53DEB2817D}.Debug|Any CPU.Build.0 = Debug|Any CPU
		{C1FF1E21-0542-4164-A156-3D53DEB2817D}.Debug|iPhone.ActiveCfg = Debug|Any CPU
		{C1FF1E21-0542-4164-A156-3D53DEB2817D}.Debug|iPhone.Build.0 = Debug|Any CPU
		{C1FF1E21-0542-4164-A156-3D53DEB2817D}.Debug|iPhoneSimulator.ActiveCfg = Debug|Any CPU
		{C1FF1E21-0542-4164-A156-3D53DEB2817D}.Debug|iPhoneSimulator.Build.0 = Debug|Any CPU
		{C1FF1E21-0542-4164-A156-3D53DEB2817D}.Debug|Mixed Platforms.ActiveCfg = Debug|Any CPU
		{C1FF1E21-0542-4164-A156-3D53DEB2817D}.Debug|Mixed Platforms.Build.0 = Debug|Any CPU
		{C1FF1E21-0542-4164-A156-3D53DEB2817D}.Debug|x64.ActiveCfg = Debug|Any CPU
		{C1FF1E21-0542-4164-A156-3D53DEB2817D}.Debug|x64.Build.0 = Debug|Any CPU
		{C1FF1E21-0542-4164-A156-3D53DEB2817D}.Debug|x86.ActiveCfg = Debug|Any CPU
		{C1FF1E21-0542-4164-A156-3D53DEB2817D}.Debug|x86.Build.0 = Debug|Any CPU
		{C1FF1E21-0542-4164-A156-3D53DEB2817D}.Release|Any CPU.ActiveCfg = Release|Any CPU
		{C1FF1E21-0542-4164-A156-3D53DEB2817D}.Release|Any CPU.Build.0 = Release|Any CPU
		{C1FF1E21-0542-4164-A156-3D53DEB2817D}.Release|iPhone.ActiveCfg = Release|Any CPU
		{C1FF1E21-0542-4164-A156-3D53DEB2817D}.Release|iPhone.Build.0 = Release|Any CPU
		{C1FF1E21-0542-4164-A156-3D53DEB2817D}.Release|iPhoneSimulator.ActiveCfg = Release|Any CPU
		{C1FF1E21-0542-4164-A156-3D53DEB2817D}.Release|iPhoneSimulator.Build.0 = Release|Any CPU
		{C1FF1E21-0542-4164-A156-3D53DEB2817D}.Release|Mixed Platforms.ActiveCfg = Release|Any CPU
		{C1FF1E21-0542-4164-A156-3D53DEB2817D}.Release|Mixed Platforms.Build.0 = Release|Any CPU
		{C1FF1E21-0542-4164-A156-3D53DEB2817D}.Release|x64.ActiveCfg = Release|Any CPU
		{C1FF1E21-0542-4164-A156-3D53DEB2817D}.Release|x64.Build.0 = Release|Any CPU
		{C1FF1E21-0542-4164-A156-3D53DEB2817D}.Release|x86.ActiveCfg = Release|Any CPU
		{C1FF1E21-0542-4164-A156-3D53DEB2817D}.Release|x86.Build.0 = Release|Any CPU
		{50FB8474-9EC4-48CD-AFE4-5AC62DE74943}.Debug|Any CPU.ActiveCfg = Debug|Any CPU
		{50FB8474-9EC4-48CD-AFE4-5AC62DE74943}.Debug|Any CPU.Build.0 = Debug|Any CPU
		{50FB8474-9EC4-48CD-AFE4-5AC62DE74943}.Debug|iPhone.ActiveCfg = Debug|Any CPU
		{50FB8474-9EC4-48CD-AFE4-5AC62DE74943}.Debug|iPhone.Build.0 = Debug|Any CPU
		{50FB8474-9EC4-48CD-AFE4-5AC62DE74943}.Debug|iPhoneSimulator.ActiveCfg = Debug|Any CPU
		{50FB8474-9EC4-48CD-AFE4-5AC62DE74943}.Debug|iPhoneSimulator.Build.0 = Debug|Any CPU
		{50FB8474-9EC4-48CD-AFE4-5AC62DE74943}.Debug|Mixed Platforms.ActiveCfg = Debug|Any CPU
		{50FB8474-9EC4-48CD-AFE4-5AC62DE74943}.Debug|Mixed Platforms.Build.0 = Debug|Any CPU
		{50FB8474-9EC4-48CD-AFE4-5AC62DE74943}.Debug|x64.ActiveCfg = Debug|Any CPU
		{50FB8474-9EC4-48CD-AFE4-5AC62DE74943}.Debug|x64.Build.0 = Debug|Any CPU
		{50FB8474-9EC4-48CD-AFE4-5AC62DE74943}.Debug|x86.ActiveCfg = Debug|Any CPU
		{50FB8474-9EC4-48CD-AFE4-5AC62DE74943}.Debug|x86.Build.0 = Debug|Any CPU
		{50FB8474-9EC4-48CD-AFE4-5AC62DE74943}.Release|Any CPU.ActiveCfg = Release|Any CPU
		{50FB8474-9EC4-48CD-AFE4-5AC62DE74943}.Release|Any CPU.Build.0 = Release|Any CPU
		{50FB8474-9EC4-48CD-AFE4-5AC62DE74943}.Release|iPhone.ActiveCfg = Release|Any CPU
		{50FB8474-9EC4-48CD-AFE4-5AC62DE74943}.Release|iPhone.Build.0 = Release|Any CPU
		{50FB8474-9EC4-48CD-AFE4-5AC62DE74943}.Release|iPhoneSimulator.ActiveCfg = Release|Any CPU
		{50FB8474-9EC4-48CD-AFE4-5AC62DE74943}.Release|iPhoneSimulator.Build.0 = Release|Any CPU
		{50FB8474-9EC4-48CD-AFE4-5AC62DE74943}.Release|Mixed Platforms.ActiveCfg = Release|Any CPU
		{50FB8474-9EC4-48CD-AFE4-5AC62DE74943}.Release|Mixed Platforms.Build.0 = Release|Any CPU
		{50FB8474-9EC4-48CD-AFE4-5AC62DE74943}.Release|x64.ActiveCfg = Release|Any CPU
		{50FB8474-9EC4-48CD-AFE4-5AC62DE74943}.Release|x64.Build.0 = Release|Any CPU
		{50FB8474-9EC4-48CD-AFE4-5AC62DE74943}.Release|x86.ActiveCfg = Release|Any CPU
		{50FB8474-9EC4-48CD-AFE4-5AC62DE74943}.Release|x86.Build.0 = Release|Any CPU
		{CAE39E1B-4EFD-4E03-81D9-29E764BB6BB1}.Debug|Any CPU.ActiveCfg = Debug|Any CPU
		{CAE39E1B-4EFD-4E03-81D9-29E764BB6BB1}.Debug|Any CPU.Build.0 = Debug|Any CPU
		{CAE39E1B-4EFD-4E03-81D9-29E764BB6BB1}.Debug|iPhone.ActiveCfg = Debug|Any CPU
		{CAE39E1B-4EFD-4E03-81D9-29E764BB6BB1}.Debug|iPhone.Build.0 = Debug|Any CPU
		{CAE39E1B-4EFD-4E03-81D9-29E764BB6BB1}.Debug|iPhoneSimulator.ActiveCfg = Debug|Any CPU
		{CAE39E1B-4EFD-4E03-81D9-29E764BB6BB1}.Debug|iPhoneSimulator.Build.0 = Debug|Any CPU
		{CAE39E1B-4EFD-4E03-81D9-29E764BB6BB1}.Debug|Mixed Platforms.ActiveCfg = Debug|Any CPU
		{CAE39E1B-4EFD-4E03-81D9-29E764BB6BB1}.Debug|Mixed Platforms.Build.0 = Debug|Any CPU
		{CAE39E1B-4EFD-4E03-81D9-29E764BB6BB1}.Debug|x64.ActiveCfg = Debug|Any CPU
		{CAE39E1B-4EFD-4E03-81D9-29E764BB6BB1}.Debug|x64.Build.0 = Debug|Any CPU
		{CAE39E1B-4EFD-4E03-81D9-29E764BB6BB1}.Debug|x86.ActiveCfg = Debug|Any CPU
		{CAE39E1B-4EFD-4E03-81D9-29E764BB6BB1}.Debug|x86.Build.0 = Debug|Any CPU
		{CAE39E1B-4EFD-4E03-81D9-29E764BB6BB1}.Release|Any CPU.ActiveCfg = Release|Any CPU
		{CAE39E1B-4EFD-4E03-81D9-29E764BB6BB1}.Release|Any CPU.Build.0 = Release|Any CPU
		{CAE39E1B-4EFD-4E03-81D9-29E764BB6BB1}.Release|iPhone.ActiveCfg = Release|Any CPU
		{CAE39E1B-4EFD-4E03-81D9-29E764BB6BB1}.Release|iPhone.Build.0 = Release|Any CPU
		{CAE39E1B-4EFD-4E03-81D9-29E764BB6BB1}.Release|iPhoneSimulator.ActiveCfg = Release|Any CPU
		{CAE39E1B-4EFD-4E03-81D9-29E764BB6BB1}.Release|iPhoneSimulator.Build.0 = Release|Any CPU
		{CAE39E1B-4EFD-4E03-81D9-29E764BB6BB1}.Release|Mixed Platforms.ActiveCfg = Release|Any CPU
		{CAE39E1B-4EFD-4E03-81D9-29E764BB6BB1}.Release|Mixed Platforms.Build.0 = Release|Any CPU
		{CAE39E1B-4EFD-4E03-81D9-29E764BB6BB1}.Release|x64.ActiveCfg = Release|Any CPU
		{CAE39E1B-4EFD-4E03-81D9-29E764BB6BB1}.Release|x64.Build.0 = Release|Any CPU
		{CAE39E1B-4EFD-4E03-81D9-29E764BB6BB1}.Release|x86.ActiveCfg = Release|Any CPU
		{CAE39E1B-4EFD-4E03-81D9-29E764BB6BB1}.Release|x86.Build.0 = Release|Any CPU
		{279CD6DA-37FD-46AA-8640-6E9B6C97FF77}.Debug|Any CPU.ActiveCfg = Debug|Any CPU
		{279CD6DA-37FD-46AA-8640-6E9B6C97FF77}.Debug|Any CPU.Build.0 = Debug|Any CPU
		{279CD6DA-37FD-46AA-8640-6E9B6C97FF77}.Debug|iPhone.ActiveCfg = Debug|Any CPU
		{279CD6DA-37FD-46AA-8640-6E9B6C97FF77}.Debug|iPhone.Build.0 = Debug|Any CPU
		{279CD6DA-37FD-46AA-8640-6E9B6C97FF77}.Debug|iPhoneSimulator.ActiveCfg = Debug|Any CPU
		{279CD6DA-37FD-46AA-8640-6E9B6C97FF77}.Debug|iPhoneSimulator.Build.0 = Debug|Any CPU
		{279CD6DA-37FD-46AA-8640-6E9B6C97FF77}.Debug|Mixed Platforms.ActiveCfg = Debug|Any CPU
		{279CD6DA-37FD-46AA-8640-6E9B6C97FF77}.Debug|Mixed Platforms.Build.0 = Debug|Any CPU
		{279CD6DA-37FD-46AA-8640-6E9B6C97FF77}.Debug|x64.ActiveCfg = Debug|Any CPU
		{279CD6DA-37FD-46AA-8640-6E9B6C97FF77}.Debug|x64.Build.0 = Debug|Any CPU
		{279CD6DA-37FD-46AA-8640-6E9B6C97FF77}.Debug|x86.ActiveCfg = Debug|Any CPU
		{279CD6DA-37FD-46AA-8640-6E9B6C97FF77}.Debug|x86.Build.0 = Debug|Any CPU
		{279CD6DA-37FD-46AA-8640-6E9B6C97FF77}.Release|Any CPU.ActiveCfg = Release|Any CPU
		{279CD6DA-37FD-46AA-8640-6E9B6C97FF77}.Release|Any CPU.Build.0 = Release|Any CPU
		{279CD6DA-37FD-46AA-8640-6E9B6C97FF77}.Release|iPhone.ActiveCfg = Release|Any CPU
		{279CD6DA-37FD-46AA-8640-6E9B6C97FF77}.Release|iPhone.Build.0 = Release|Any CPU
		{279CD6DA-37FD-46AA-8640-6E9B6C97FF77}.Release|iPhoneSimulator.ActiveCfg = Release|Any CPU
		{279CD6DA-37FD-46AA-8640-6E9B6C97FF77}.Release|iPhoneSimulator.Build.0 = Release|Any CPU
		{279CD6DA-37FD-46AA-8640-6E9B6C97FF77}.Release|Mixed Platforms.ActiveCfg = Release|Any CPU
		{279CD6DA-37FD-46AA-8640-6E9B6C97FF77}.Release|Mixed Platforms.Build.0 = Release|Any CPU
		{279CD6DA-37FD-46AA-8640-6E9B6C97FF77}.Release|x64.ActiveCfg = Release|Any CPU
		{279CD6DA-37FD-46AA-8640-6E9B6C97FF77}.Release|x64.Build.0 = Release|Any CPU
		{279CD6DA-37FD-46AA-8640-6E9B6C97FF77}.Release|x86.ActiveCfg = Release|Any CPU
		{279CD6DA-37FD-46AA-8640-6E9B6C97FF77}.Release|x86.Build.0 = Release|Any CPU
		{358E44BF-F51F-4794-8D61-68A7FF23BF16}.Debug|Any CPU.ActiveCfg = Debug|Any CPU
		{358E44BF-F51F-4794-8D61-68A7FF23BF16}.Debug|Any CPU.Build.0 = Debug|Any CPU
		{358E44BF-F51F-4794-8D61-68A7FF23BF16}.Debug|iPhone.ActiveCfg = Debug|Any CPU
		{358E44BF-F51F-4794-8D61-68A7FF23BF16}.Debug|iPhone.Build.0 = Debug|Any CPU
		{358E44BF-F51F-4794-8D61-68A7FF23BF16}.Debug|iPhoneSimulator.ActiveCfg = Debug|Any CPU
		{358E44BF-F51F-4794-8D61-68A7FF23BF16}.Debug|iPhoneSimulator.Build.0 = Debug|Any CPU
		{358E44BF-F51F-4794-8D61-68A7FF23BF16}.Debug|Mixed Platforms.ActiveCfg = Debug|Any CPU
		{358E44BF-F51F-4794-8D61-68A7FF23BF16}.Debug|Mixed Platforms.Build.0 = Debug|Any CPU
		{358E44BF-F51F-4794-8D61-68A7FF23BF16}.Debug|x64.ActiveCfg = Debug|Any CPU
		{358E44BF-F51F-4794-8D61-68A7FF23BF16}.Debug|x64.Build.0 = Debug|Any CPU
		{358E44BF-F51F-4794-8D61-68A7FF23BF16}.Debug|x86.ActiveCfg = Debug|Any CPU
		{358E44BF-F51F-4794-8D61-68A7FF23BF16}.Debug|x86.Build.0 = Debug|Any CPU
		{358E44BF-F51F-4794-8D61-68A7FF23BF16}.Release|Any CPU.ActiveCfg = Release|Any CPU
		{358E44BF-F51F-4794-8D61-68A7FF23BF16}.Release|Any CPU.Build.0 = Release|Any CPU
		{358E44BF-F51F-4794-8D61-68A7FF23BF16}.Release|iPhone.ActiveCfg = Release|Any CPU
		{358E44BF-F51F-4794-8D61-68A7FF23BF16}.Release|iPhone.Build.0 = Release|Any CPU
		{358E44BF-F51F-4794-8D61-68A7FF23BF16}.Release|iPhoneSimulator.ActiveCfg = Release|Any CPU
		{358E44BF-F51F-4794-8D61-68A7FF23BF16}.Release|iPhoneSimulator.Build.0 = Release|Any CPU
		{358E44BF-F51F-4794-8D61-68A7FF23BF16}.Release|Mixed Platforms.ActiveCfg = Release|Any CPU
		{358E44BF-F51F-4794-8D61-68A7FF23BF16}.Release|Mixed Platforms.Build.0 = Release|Any CPU
		{358E44BF-F51F-4794-8D61-68A7FF23BF16}.Release|x64.ActiveCfg = Release|Any CPU
		{358E44BF-F51F-4794-8D61-68A7FF23BF16}.Release|x64.Build.0 = Release|Any CPU
		{358E44BF-F51F-4794-8D61-68A7FF23BF16}.Release|x86.ActiveCfg = Release|Any CPU
		{358E44BF-F51F-4794-8D61-68A7FF23BF16}.Release|x86.Build.0 = Release|Any CPU
		{6FECE032-03CB-42FA-980D-D07A68057683}.Debug|Any CPU.ActiveCfg = Debug|Any CPU
		{6FECE032-03CB-42FA-980D-D07A68057683}.Debug|Any CPU.Build.0 = Debug|Any CPU
		{6FECE032-03CB-42FA-980D-D07A68057683}.Debug|iPhone.ActiveCfg = Debug|Any CPU
		{6FECE032-03CB-42FA-980D-D07A68057683}.Debug|iPhone.Build.0 = Debug|Any CPU
		{6FECE032-03CB-42FA-980D-D07A68057683}.Debug|iPhoneSimulator.ActiveCfg = Debug|Any CPU
		{6FECE032-03CB-42FA-980D-D07A68057683}.Debug|iPhoneSimulator.Build.0 = Debug|Any CPU
		{6FECE032-03CB-42FA-980D-D07A68057683}.Debug|Mixed Platforms.ActiveCfg = Debug|Any CPU
		{6FECE032-03CB-42FA-980D-D07A68057683}.Debug|Mixed Platforms.Build.0 = Debug|Any CPU
		{6FECE032-03CB-42FA-980D-D07A68057683}.Debug|x64.ActiveCfg = Debug|Any CPU
		{6FECE032-03CB-42FA-980D-D07A68057683}.Debug|x64.Build.0 = Debug|Any CPU
		{6FECE032-03CB-42FA-980D-D07A68057683}.Debug|x86.ActiveCfg = Debug|Any CPU
		{6FECE032-03CB-42FA-980D-D07A68057683}.Debug|x86.Build.0 = Debug|Any CPU
		{6FECE032-03CB-42FA-980D-D07A68057683}.Release|Any CPU.ActiveCfg = Release|Any CPU
		{6FECE032-03CB-42FA-980D-D07A68057683}.Release|Any CPU.Build.0 = Release|Any CPU
		{6FECE032-03CB-42FA-980D-D07A68057683}.Release|iPhone.ActiveCfg = Release|Any CPU
		{6FECE032-03CB-42FA-980D-D07A68057683}.Release|iPhone.Build.0 = Release|Any CPU
		{6FECE032-03CB-42FA-980D-D07A68057683}.Release|iPhoneSimulator.ActiveCfg = Release|Any CPU
		{6FECE032-03CB-42FA-980D-D07A68057683}.Release|iPhoneSimulator.Build.0 = Release|Any CPU
		{6FECE032-03CB-42FA-980D-D07A68057683}.Release|Mixed Platforms.ActiveCfg = Release|Any CPU
		{6FECE032-03CB-42FA-980D-D07A68057683}.Release|Mixed Platforms.Build.0 = Release|Any CPU
		{6FECE032-03CB-42FA-980D-D07A68057683}.Release|x64.ActiveCfg = Release|Any CPU
		{6FECE032-03CB-42FA-980D-D07A68057683}.Release|x64.Build.0 = Release|Any CPU
		{6FECE032-03CB-42FA-980D-D07A68057683}.Release|x86.ActiveCfg = Release|Any CPU
		{6FECE032-03CB-42FA-980D-D07A68057683}.Release|x86.Build.0 = Release|Any CPU
	EndGlobalSection
	GlobalSection(SolutionProperties) = preSolution
		HideSolutionNode = FALSE
	EndGlobalSection
	GlobalSection(NestedProjects) = preSolution
		{C9D4ED81-16F1-499E-8117-DBFE7AE2F009} = {CA044C17-6907-463B-9193-DE500F16CEFD}
		{02C4F649-0587-4D07-A48C-EFC7C4D594EE} = {C9D4ED81-16F1-499E-8117-DBFE7AE2F009}
		{0E6E705C-34F2-4A0E-903E-9064DFE9BA77} = {C6BF1A09-42A8-4C9B-8F71-DE8B66FF4E44}
		{534CC90B-7E60-4197-9A7A-C49DA27FE255} = {C6BF1A09-42A8-4C9B-8F71-DE8B66FF4E44}
		{4CC728B8-8B9C-4B18-BF61-B75E70BB1D6B} = {C6BF1A09-42A8-4C9B-8F71-DE8B66FF4E44}
		{C1FF1E21-0542-4164-A156-3D53DEB2817D} = {C6BF1A09-42A8-4C9B-8F71-DE8B66FF4E44}
		{50FB8474-9EC4-48CD-AFE4-5AC62DE74943} = {C6BF1A09-42A8-4C9B-8F71-DE8B66FF4E44}
		{CAE39E1B-4EFD-4E03-81D9-29E764BB6BB1} = {C6BF1A09-42A8-4C9B-8F71-DE8B66FF4E44}
		{279CD6DA-37FD-46AA-8640-6E9B6C97FF77} = {C6BF1A09-42A8-4C9B-8F71-DE8B66FF4E44}
	EndGlobalSection
	GlobalSection(ExtensibilityGlobals) = postSolution
		SolutionGuid = {02B1BCF6-A6B8-49E2-B338-70028C854DC5}
	EndGlobalSection
	GlobalSection(AvalonStudioProperties) = preSolution
		StartupItem = {52B4012C-BF4C-413B-A92B-252AC659E581}
	EndGlobalSection
EndGlobal
